
Microsoft Visual Studio Solution File, Format Version 12.00
# Visual Studio Version 17
VisualStudioVersion = 17.14.37111.16 d17.14
MinimumVisualStudioVersion = 10.0.40219.1
Project("{FAE04EC0-301F-11D3-BF4B-00C04F79EFBC}") = "TimeSheetManager_services", "TimeSheetManager_services.csproj", "{02895C73-EF3E-4935-8886-49B1A53E2773}"
EndProject
Global
	GlobalSection(SolutionConfigurationPlatforms) = preSolution
		Debug|Any CPU = Debug|Any CPU
		Release|Any CPU = Release|Any CPU
	EndGlobalSection
	GlobalSection(ProjectConfigurationPlatforms) = postSolution
		{02895C73-EF3E-4935-8886-49B1A53E2773}.Debug|Any CPU.ActiveCfg = Debug|Any CPU
		{02895C73-EF3E-4935-8886-49B1A53E2773}.Debug|Any CPU.Build.0 = Debug|Any CPU
		{02895C73-EF3E-4935-8886-49B1A53E2773}.Release|Any CPU.ActiveCfg = Release|Any CPU
		{02895C73-EF3E-4935-8886-49B1A53E2773}.Release|Any CPU.Build.0 = Release|Any CPU
	EndGlobalSection
	GlobalSection(SolutionProperties) = preSolution
		HideSolutionNode = FALSE
	EndGlobalSection
	GlobalSection(ExtensibilityGlobals) = postSolution
		SolutionGuid = {A6C4366D-7028-4F7D-9E71-1FAC706B9599}
	EndGlobalSection
EndGlobal
